
Microsoft Visual Studio Solution File, Format Version 12.00
# Visual Studio Version 17
VisualStudioVersion = 17.4.33205.214
MinimumVisualStudioVersion = 10.0.40219.1
Project("{2150E333-8FDC-42A3-9474-1A3956D46DE8}") = "src", "src", "{98701FE1-2B65-455F-9A6A-F532CCF4C9E6}"
EndProject
Project("{2150E333-8FDC-42A3-9474-1A3956D46DE8}") = "Building Blocks", "Building Blocks", "{C9E9FF95-E7C4-40BD-B7AC-0905CEDE8B5A}"
EndProject
Project("{2150E333-8FDC-42A3-9474-1A3956D46DE8}") = "Services", "Services", "{F2B8F35C-B15E-441F-B671-CF88D5B432F0}"
EndProject
Project("{2150E333-8FDC-42A3-9474-1A3956D46DE8}") = "Web", "Web", "{D675C646-9F98-4EF8-8061-57F383A1C1F7}"
EndProject
Project("{2150E333-8FDC-42A3-9474-1A3956D46DE8}") = "Identidade", "Identidade", "{4EA843F3-D056-430B-920A-93A3DF5D8E5A}"
EndProject
Project("{FAE04EC0-301F-11D3-BF4B-00C04F79EFBC}") = "NSE.Identidade.API", "src\services\NSE.Identidade.API\NSE.Identidade.API.csproj", "{DE6A837B-0FD0-4A6C-A037-D1D17326ACEA}"
EndProject
Project("{2150E333-8FDC-42A3-9474-1A3956D46DE8}") = "MVC", "MVC", "{FBC26B10-B999-4E68-BE7F-D9D031DD0E85}"
EndProject
Project("{FAE04EC0-301F-11D3-BF4B-00C04F79EFBC}") = "NSE.WebApp.MVC", "src\services\NSE.WebApp.MVC\NSE.WebApp.MVC.csproj", "{147A1624-198F-4001-B971-A72668A04D1D}"
EndProject
Project("{2150E333-8FDC-42A3-9474-1A3956D46DE8}") = "Core", "Core", "{4BCE327E-CFA7-46AD-8C72-208AA3843426}"
EndProject
Project("{FAE04EC0-301F-11D3-BF4B-00C04F79EFBC}") = "NSE.Core", "src\building blocks\NSE.Core\NSE.Core.csproj", "{AEC8BD86-1AA3-4C21-893E-AD55E21B972A}"
EndProject
Project("{2150E333-8FDC-42A3-9474-1A3956D46DE8}") = "Carrinho", "Carrinho", "{6A090D85-6CFC-4E1D-9387-516F6C8FDA26}"
EndProject
Project("{2150E333-8FDC-42A3-9474-1A3956D46DE8}") = "Catalogo", "Catalogo", "{F6543707-7342-4D3E-975F-8061D821E2C6}"
EndProject
Project("{2150E333-8FDC-42A3-9474-1A3956D46DE8}") = "Cliente", "Cliente", "{DCCD4599-9D1C-4A9F-BF79-57ACCF4C65DB}"
EndProject
Project("{2150E333-8FDC-42A3-9474-1A3956D46DE8}") = "Pagamento", "Pagamento", "{CE01F78C-C7D4-4DBA-B47A-4B4BE125E30F}"
EndProject
Project("{2150E333-8FDC-42A3-9474-1A3956D46DE8}") = "Pedido", "Pedido", "{AD80B9F6-2398-4FCF-A732-8B7130EDD133}"
EndProject
Project("{FAE04EC0-301F-11D3-BF4B-00C04F79EFBC}") = "NSE.Carrinho.API", "src\services\NSE.Carrinho.API\NSE.Carrinho.API.csproj", "{A001FE6C-2098-41CC-9240-9E3E8198F011}"
EndProject
Project("{FAE04EC0-301F-11D3-BF4B-00C04F79EFBC}") = "NSE.Catalogo.API", "src\services\NSE.Catalogo.API\NSE.Catalogo.API.csproj", "{D2E5ABAF-6EF8-427D-BC67-D258EB43127A}"
EndProject
Project("{FAE04EC0-301F-11D3-BF4B-00C04F79EFBC}") = "NSE.Cliente.API", "src\services\NSE.Cliente.API\NSE.Cliente.API.csproj", "{0F7362C3-FE1C-4458-88EF-4259E69A89EC}"
EndProject
Project("{FAE04EC0-301F-11D3-BF4B-00C04F79EFBC}") = "NSE.Pagamento.API", "src\services\NSE.Pagamento.API\NSE.Pagamento.API.csproj", "{4FAA50B6-8E0F-4C84-A8A4-BCEDB297859C}"
EndProject
Project("{FAE04EC0-301F-11D3-BF4B-00C04F79EFBC}") = "NSE.Pedido.API", "src\services\NSE.Pedido.API\NSE.Pedido.API.csproj", "{995C8079-6631-4956-9A8F-B9C64191FE40}"
EndProject
Global
	GlobalSection(SolutionConfigurationPlatforms) = preSolution
		Debug|Any CPU = Debug|Any CPU
		Release|Any CPU = Release|Any CPU
	EndGlobalSection
	GlobalSection(ProjectConfigurationPlatforms) = postSolution
		{DE6A837B-0FD0-4A6C-A037-D1D17326ACEA}.Debug|Any CPU.ActiveCfg = Debug|Any CPU
		{DE6A837B-0FD0-4A6C-A037-D1D17326ACEA}.Debug|Any CPU.Build.0 = Debug|Any CPU
		{DE6A837B-0FD0-4A6C-A037-D1D17326ACEA}.Release|Any CPU.ActiveCfg = Release|Any CPU
		{DE6A837B-0FD0-4A6C-A037-D1D17326ACEA}.Release|Any CPU.Build.0 = Release|Any CPU
		{147A1624-198F-4001-B971-A72668A04D1D}.Debug|Any CPU.ActiveCfg = Debug|Any CPU
		{147A1624-198F-4001-B971-A72668A04D1D}.Debug|Any CPU.Build.0 = Debug|Any CPU
		{147A1624-198F-4001-B971-A72668A04D1D}.Release|Any CPU.ActiveCfg = Release|Any CPU
		{147A1624-198F-4001-B971-A72668A04D1D}.Release|Any CPU.Build.0 = Release|Any CPU
		{AEC8BD86-1AA3-4C21-893E-AD55E21B972A}.Debug|Any CPU.ActiveCfg = Debug|Any CPU
		{AEC8BD86-1AA3-4C21-893E-AD55E21B972A}.Debug|Any CPU.Build.0 = Debug|Any CPU
		{AEC8BD86-1AA3-4C21-893E-AD55E21B972A}.Release|Any CPU.ActiveCfg = Release|Any CPU
		{AEC8BD86-1AA3-4C21-893E-AD55E21B972A}.Release|Any CPU.Build.0 = Release|Any CPU
		{A001FE6C-2098-41CC-9240-9E3E8198F011}.Debug|Any CPU.ActiveCfg = Debug|Any CPU
		{A001FE6C-2098-41CC-9240-9E3E8198F011}.Debug|Any CPU.Build.0 = Debug|Any CPU
		{A001FE6C-2098-41CC-9240-9E3E8198F011}.Release|Any CPU.ActiveCfg = Release|Any CPU
		{A001FE6C-2098-41CC-9240-9E3E8198F011}.Release|Any CPU.Build.0 = Release|Any CPU
		{D2E5ABAF-6EF8-427D-BC67-D258EB43127A}.Debug|Any CPU.ActiveCfg = Debug|Any CPU
		{D2E5ABAF-6EF8-427D-BC67-D258EB43127A}.Debug|Any CPU.Build.0 = Debug|Any CPU
		{D2E5ABAF-6EF8-427D-BC67-D258EB43127A}.Release|Any CPU.ActiveCfg = Release|Any CPU
		{D2E5ABAF-6EF8-427D-BC67-D258EB43127A}.Release|Any CPU.Build.0 = Release|Any CPU
		{0F7362C3-FE1C-4458-88EF-4259E69A89EC}.Debug|Any CPU.ActiveCfg = Debug|Any CPU
		{0F7362C3-FE1C-4458-88EF-4259E69A89EC}.Debug|Any CPU.Build.0 = Debug|Any CPU
		{0F7362C3-FE1C-4458-88EF-4259E69A89EC}.Release|Any CPU.ActiveCfg = Release|Any CPU
		{0F7362C3-FE1C-4458-88EF-4259E69A89EC}.Release|Any CPU.Build.0 = Release|Any CPU
		{4FAA50B6-8E0F-4C84-A8A4-BCEDB297859C}.Debug|Any CPU.ActiveCfg = Debug|Any CPU
		{4FAA50B6-8E0F-4C84-A8A4-BCEDB297859C}.Debug|Any CPU.Build.0 = Debug|Any CPU
		{4FAA50B6-8E0F-4C84-A8A4-BCEDB297859C}.Release|Any CPU.ActiveCfg = Release|Any CPU
		{4FAA50B6-8E0F-4C84-A8A4-BCEDB297859C}.Release|Any CPU.Build.0 = Release|Any CPU
		{995C8079-6631-4956-9A8F-B9C64191FE40}.Debug|Any CPU.ActiveCfg = Debug|Any CPU
		{995C8079-6631-4956-9A8F-B9C64191FE40}.Debug|Any CPU.Build.0 = Debug|Any CPU
		{995C8079-6631-4956-9A8F-B9C64191FE40}.Release|Any CPU.ActiveCfg = Release|Any CPU
		{995C8079-6631-4956-9A8F-B9C64191FE40}.Release|Any CPU.Build.0 = Release|Any CPU
	EndGlobalSection
	GlobalSection(SolutionProperties) = preSolution
		HideSolutionNode = FALSE
	EndGlobalSection
	GlobalSection(NestedProjects) = preSolution
		{C9E9FF95-E7C4-40BD-B7AC-0905CEDE8B5A} = {98701FE1-2B65-455F-9A6A-F532CCF4C9E6}
		{F2B8F35C-B15E-441F-B671-CF88D5B432F0} = {98701FE1-2B65-455F-9A6A-F532CCF4C9E6}
		{D675C646-9F98-4EF8-8061-57F383A1C1F7} = {98701FE1-2B65-455F-9A6A-F532CCF4C9E6}
		{4EA843F3-D056-430B-920A-93A3DF5D8E5A} = {F2B8F35C-B15E-441F-B671-CF88D5B432F0}
		{DE6A837B-0FD0-4A6C-A037-D1D17326ACEA} = {4EA843F3-D056-430B-920A-93A3DF5D8E5A}
		{FBC26B10-B999-4E68-BE7F-D9D031DD0E85} = {D675C646-9F98-4EF8-8061-57F383A1C1F7}
		{147A1624-198F-4001-B971-A72668A04D1D} = {FBC26B10-B999-4E68-BE7F-D9D031DD0E85}
		{4BCE327E-CFA7-46AD-8C72-208AA3843426} = {C9E9FF95-E7C4-40BD-B7AC-0905CEDE8B5A}
		{AEC8BD86-1AA3-4C21-893E-AD55E21B972A} = {4BCE327E-CFA7-46AD-8C72-208AA3843426}
		{6A090D85-6CFC-4E1D-9387-516F6C8FDA26} = {F2B8F35C-B15E-441F-B671-CF88D5B432F0}
		{F6543707-7342-4D3E-975F-8061D821E2C6} = {F2B8F35C-B15E-441F-B671-CF88D5B432F0}
		{DCCD4599-9D1C-4A9F-BF79-57ACCF4C65DB} = {F2B8F35C-B15E-441F-B671-CF88D5B432F0}
		{CE01F78C-C7D4-4DBA-B47A-4B4BE125E30F} = {F2B8F35C-B15E-441F-B671-CF88D5B432F0}
		{AD80B9F6-2398-4FCF-A732-8B7130EDD133} = {F2B8F35C-B15E-441F-B671-CF88D5B432F0}
		{A001FE6C-2098-41CC-9240-9E3E8198F011} = {6A090D85-6CFC-4E1D-9387-516F6C8FDA26}
		{D2E5ABAF-6EF8-427D-BC67-D258EB43127A} = {F6543707-7342-4D3E-975F-8061D821E2C6}
		{0F7362C3-FE1C-4458-88EF-4259E69A89EC} = {DCCD4599-9D1C-4A9F-BF79-57ACCF4C65DB}
		{4FAA50B6-8E0F-4C84-A8A4-BCEDB297859C} = {CE01F78C-C7D4-4DBA-B47A-4B4BE125E30F}
		{995C8079-6631-4956-9A8F-B9C64191FE40} = {AD80B9F6-2398-4FCF-A732-8B7130EDD133}
	EndGlobalSection
	GlobalSection(ExtensibilityGlobals) = postSolution
		SolutionGuid = {A51A9D0D-22D3-4625-8E55-A2CB8EABDB7A}
	EndGlobalSection
EndGlobal
